
Microsoft Visual Studio Solution File, Format Version 12.00
# Visual Studio Version 17
VisualStudioVersion = 17.5.33502.453
MinimumVisualStudioVersion = 10.0.40219.1
Project("{FAE04EC0-301F-11D3-BF4B-00C04F79EFBC}") = "Ifsp", "Ifsp.csproj", "{F1955777-16DA-4949-AE35-C1FE51BFC197}"
EndProject
Global
	GlobalSection(SolutionConfigurationPlatforms) = preSolution
		Debug|Any CPU = Debug|Any CPU
		Release|Any CPU = Release|Any CPU
	EndGlobalSection
	GlobalSection(ProjectConfigurationPlatforms) = postSolution
		{F1955777-16DA-4949-AE35-C1FE51BFC197}.Debug|Any CPU.ActiveCfg = Debug|Any CPU
		{F1955777-16DA-4949-AE35-C1FE51BFC197}.Debug|Any CPU.Build.0 = Debug|Any CPU
		{F1955777-16DA-4949-AE35-C1FE51BFC197}.Release|Any CPU.ActiveCfg = Release|Any CPU
		{F1955777-16DA-4949-AE35-C1FE51BFC197}.Release|Any CPU.Build.0 = Release|Any CPU
	EndGlobalSection
	GlobalSection(SolutionProperties) = preSolution
		HideSolutionNode = FALSE
	EndGlobalSection
	GlobalSection(ExtensibilityGlobals) = postSolution
		SolutionGuid = {56471A10-34F1-466B-BBDC-5FCA3CD4C7E9}
	EndGlobalSection
EndGlobal
